<?xml version="1.0" encoding="utf-8"?>
<Project ToolsVersion="4.0" xmlns="http://schemas.microsoft.com/developer/msbuild/2003">
  <ItemGroup>
    <Filter Include="win32">
      <UniqueIdentifier>{84a8ebd7-7cf0-47f6-b75e-d441df67da40}</UniqueIdentifier>
    </Filter>
    <Filter Include="resource">
      <UniqueIdentifier>{715254bc-d70b-4ec5-bf29-467dd3ace079}</UniqueIdentifier>
    </Filter>
    <Filter Include="src">
      <UniqueIdentifier>{bb6c862e-70e9-49d9-81b7-3829a6f50471}</UniqueIdentifier>
    </Filter>
    <Filter Include="src\Test_Scene_4">
      <UniqueIdentifier>{8581e557-2c8e-4ddf-951b-3e37364a008c}</UniqueIdentifier>
    </Filter>
    <Filter Include="src\AppDelegate">
      <UniqueIdentifier>{d7670255-1c7a-4baa-a35b-39404d75cc49}</UniqueIdentifier>
    </Filter>
    <Filter Include="src\HelloWorldScene">
      <UniqueIdentifier>{17719663-1f26-480d-a0f4-5061f47a29dc}</UniqueIdentifier>
    </Filter>
    <Filter Include="src\Test_Scene_3">
      <UniqueIdentifier>{0e50130e-7550-46e1-8a28-b116fa5aae43}</UniqueIdentifier>
    </Filter>
    <Filter Include="src\Test_Scene_2">
      <UniqueIdentifier>{cba44d36-7770-4f33-bf65-3563dafcac71}</UniqueIdentifier>
    </Filter>
    <Filter Include="src\Test_Scene_1">
      <UniqueIdentifier>{0d3f3324-286c-481d-b0df-5dbd61780006}</UniqueIdentifier>
    </Filter>
    <Filter Include="src\PlayerWithAI">
      <UniqueIdentifier>{926b9f0c-e937-4d5c-a155-86ed10fb3386}</UniqueIdentifier>
    </Filter>
    <Filter Include="src\PlayerWithPlayer">
      <UniqueIdentifier>{a00dfbe2-5584-4bab-bca3-25cf9c81d3d2}</UniqueIdentifier>
    </Filter>
    <Filter Include="src\SelectModeScene">
      <UniqueIdentifier>{bb1e3df8-938f-4afc-a0e0-a40fce2006ce}</UniqueIdentifier>
    </Filter>
    <Filter Include="src\BackGroundLayer">
      <UniqueIdentifier>{2688793b-99c6-494d-8091-748f44a5f37e}</UniqueIdentifier>
    </Filter>
    <Filter Include="src\Store">
      <UniqueIdentifier>{2c57cbc5-fec4-486c-8763-b8b2b0ba1ba0}</UniqueIdentifier>
    </Filter>
    <Filter Include="src\HeroLayer">
      <UniqueIdentifier>{3389a369-b121-417d-876c-0498f84d366b}</UniqueIdentifier>
    </Filter>
    <Filter Include="src\BattleLayer">
      <UniqueIdentifier>{a4d29402-2b1c-43aa-a67f-a2740e703821}</UniqueIdentifier>
    </Filter>
    <Filter Include="src\StoreLayer">
      <UniqueIdentifier>{fe3480eb-5749-424f-bbbe-f4fa1af3e112}</UniqueIdentifier>
    </Filter>
    <Filter Include="src\Bullet">
      <UniqueIdentifier>{0e96c6f3-d9d9-4c6c-807c-a1fe850a4f73}</UniqueIdentifier>
    </Filter>
    <Filter Include="src\goldenshovel_hero_design">
      <UniqueIdentifier>{c3a49a40-4142-48f9-8ab4-cf1aa96ea737}</UniqueIdentifier>
    </Filter>
    <Filter Include="src\Network Connection">
      <UniqueIdentifier>{c68ce378-a503-4fef-8541-886d63406fad}</UniqueIdentifier>
    </Filter>
  </ItemGroup>
  <ItemGroup>
    <ClCompile Include="main.cpp">
      <Filter>win32</Filter>
    </ClCompile>
    <ClCompile Include="..\Classes\Test_Scene_1.cpp">
      <Filter>src\Test_Scene_1</Filter>
    </ClCompile>
    <ClCompile Include="..\Classes\Test_Scene_2.cpp">
      <Filter>src\Test_Scene_2</Filter>
    </ClCompile>
    <ClCompile Include="..\Classes\Test_Scene_3.cpp">
      <Filter>src\Test_Scene_3</Filter>
    </ClCompile>
    <ClCompile Include="..\Classes\Test_Scene_4.cpp">
      <Filter>src\Test_Scene_4</Filter>
    </ClCompile>
    <ClCompile Include="..\Classes\AppDelegate.cpp">
      <Filter>src\AppDelegate</Filter>
    </ClCompile>
    <ClCompile Include="..\Classes\HelloWorldScene.cpp">
      <Filter>src\HelloWorldScene</Filter>
    </ClCompile>
    <ClCompile Include="..\Classes\PlayWithAI.cpp">
      <Filter>src\PlayerWithAI</Filter>
    </ClCompile>
    <ClCompile Include="..\Classes\PlayWithPlayer.cpp">
      <Filter>src\PlayerWithPlayer</Filter>
    </ClCompile>
    <ClCompile Include="..\Classes\SelectModeScene.cpp">
      <Filter>src\SelectModeScene</Filter>
    </ClCompile>
    <ClCompile Include="..\Classes\BackGroundLayer.cpp">
      <Filter>src\BackGroundLayer</Filter>
    </ClCompile>
    <ClCompile Include="..\Classes\HeroLayer.cpp">
      <Filter>src\HeroLayer</Filter>
    </ClCompile>
    <ClCompile Include="..\Classes\Store.cpp">
      <Filter>src\Store</Filter>
    </ClCompile>
    <ClCompile Include="..\Classes\BattleLayer.cpp">
      <Filter>src\BattleLayer</Filter>
    </ClCompile>
    <ClCompile Include="..\Classes\StoreLayer.cpp">
      <Filter>src\StoreLayer</Filter>
    </ClCompile>
    <ClCompile Include="..\Classes\Bullet.cpp">
      <Filter>src\Bullet</Filter>
    </ClCompile>
    <ClCompile Include="..\Classes\goldenshovel_hero_design.cpp">
      <Filter>src\goldenshovel_hero_design</Filter>
    </ClCompile>
    <ClCompile Include="..\Classes\NetworkConnection.cpp">
      <Filter>src\Network Connection</Filter>
    </ClCompile>
  </ItemGroup>
  <ItemGroup>
    <ClInclude Include="main.h">
      <Filter>win32</Filter>
    </ClInclude>
    <ClInclude Include="..\Classes\Test.h">
      <Filter>src</Filter>
    </ClInclude>
    <ClInclude Include="..\Classes\Show_Chinese.h">
      <Filter>src</Filter>
    </ClInclude>
    <ClInclude Include="..\Classes\Test_Scene_1.h">
      <Filter>src\Test_Scene_1</Filter>
    </ClInclude>
    <ClInclude Include="..\Classes\Test_Scene_2.h">
      <Filter>src\Test_Scene_2</Filter>
    </ClInclude>
    <ClInclude Include="..\Classes\Test_Scene_3.h">
      <Filter>src\Test_Scene_3</Filter>
    </ClInclude>
    <ClInclude Include="..\Classes\Test_Scene_4.h">
      <Filter>src\Test_Scene_4</Filter>
    </ClInclude>
    <ClInclude Include="..\Classes\AppDelegate.h">
      <Filter>src\AppDelegate</Filter>
    </ClInclude>
    <ClInclude Include="..\Classes\HelloWorldScene.h">
      <Filter>src\HelloWorldScene</Filter>
    </ClInclude>
    <ClInclude Include="..\Classes\PlayWithAI.h">
      <Filter>src\PlayerWithAI</Filter>
    </ClInclude>
    <ClInclude Include="..\Classes\PlayWithPlayer.h">
      <Filter>src\PlayerWithPlayer</Filter>
    </ClInclude>
    <ClInclude Include="..\Classes\SelectModeScene.h">
      <Filter>src\SelectModeScene</Filter>
    </ClInclude>
    <ClInclude Include="..\Classes\BackGroundLayer.h">
      <Filter>src\BackGroundLayer</Filter>
    </ClInclude>
    <ClInclude Include="..\Classes\HeroLayer.h">
      <Filter>src\HeroLayer</Filter>
    </ClInclude>
    <ClInclude Include="..\Classes\Store.h">
      <Filter>src\Store</Filter>
    </ClInclude>
    <ClInclude Include="..\Classes\BattleLayer.h">
      <Filter>src\BattleLayer</Filter>
    </ClInclude>
    <ClInclude Include="..\Classes\StoreLayer.h">
      <Filter>src\StoreLayer</Filter>
    </ClInclude>
    <ClInclude Include="..\Classes\GameMap.h">
      <Filter>src</Filter>
    </ClInclude>
    <ClInclude Include="..\Classes\Bullet.h">
      <Filter>src\Bullet</Filter>
    </ClInclude>
    <ClInclude Include="..\Classes\goldenshovel_hero_design.h">
      <Filter>src\goldenshovel_hero_design</Filter>
    </ClInclude>
  </ItemGroup>
  <ItemGroup>
    <ResourceCompile Include="game.rc">
      <Filter>resource</Filter>
    </ResourceCompile>
  </ItemGroup>
</Project>